
Microsoft Visual Studio Solution File, Format Version 12.00
# Visual Studio Version 17
VisualStudioVersion = 17.5.33627.172
MinimumVisualStudioVersion = 10.0.40219.1
Project("{9A19103F-16F7-4668-BE54-9A1E7A4F7556}") = "Inventory&SalesManagement_API", "Inventory&SalesManagement_API\Inventory&SalesManagement_API.csproj", "{86389CA6-9D4C-42A8-91F0-48F2A93B7E14}"
EndProject
Project("{9A19103F-16F7-4668-BE54-9A1E7A4F7556}") = "DatabaseModels", "DatabaseModels\DatabaseModels.csproj", "{7382891A-FF25-4BBA-B8F3-BE3D36A1F5EC}"
EndProject
Project("{FAE04EC0-301F-11D3-BF4B-00C04F79EFBC}") = "Repositories", "Repositories\Repositories.csproj", "{6D06ED0B-8F35-4E08-B17C-FB35214F3EA9}"
EndProject
Global
	GlobalSection(SolutionConfigurationPlatforms) = preSolution
		Debug|Any CPU = Debug|Any CPU
		Release|Any CPU = Release|Any CPU
	EndGlobalSection
	GlobalSection(ProjectConfigurationPlatforms) = postSolution
		{86389CA6-9D4C-42A8-91F0-48F2A93B7E14}.Debug|Any CPU.ActiveCfg = Debug|Any CPU
		{86389CA6-9D4C-42A8-91F0-48F2A93B7E14}.Debug|Any CPU.Build.0 = Debug|Any CPU
		{86389CA6-9D4C-42A8-91F0-48F2A93B7E14}.Release|Any CPU.ActiveCfg = Release|Any CPU
		{86389CA6-9D4C-42A8-91F0-48F2A93B7E14}.Release|Any CPU.Build.0 = Release|Any CPU
		{7382891A-FF25-4BBA-B8F3-BE3D36A1F5EC}.Debug|Any CPU.ActiveCfg = Debug|Any CPU
		{7382891A-FF25-4BBA-B8F3-BE3D36A1F5EC}.Debug|Any CPU.Build.0 = Debug|Any CPU
		{7382891A-FF25-4BBA-B8F3-BE3D36A1F5EC}.Release|Any CPU.ActiveCfg = Release|Any CPU
		{7382891A-FF25-4BBA-B8F3-BE3D36A1F5EC}.Release|Any CPU.Build.0 = Release|Any CPU
		{6D06ED0B-8F35-4E08-B17C-FB35214F3EA9}.Debug|Any CPU.ActiveCfg = Debug|Any CPU
		{6D06ED0B-8F35-4E08-B17C-FB35214F3EA9}.Debug|Any CPU.Build.0 = Debug|Any CPU
		{6D06ED0B-8F35-4E08-B17C-FB35214F3EA9}.Release|Any CPU.ActiveCfg = Release|Any CPU
		{6D06ED0B-8F35-4E08-B17C-FB35214F3EA9}.Release|Any CPU.Build.0 = Release|Any CPU
	EndGlobalSection
	GlobalSection(SolutionProperties) = preSolution
		HideSolutionNode = FALSE
	EndGlobalSection
	GlobalSection(ExtensibilityGlobals) = postSolution
		SolutionGuid = {14291998-F037-40D4-81D5-EA71EE4FFD3B}
	EndGlobalSection
EndGlobal
